
Microsoft Visual Studio Solution File, Format Version 12.00
# Visual Studio Version 16
VisualStudioVersion = 16.0.33529.622
MinimumVisualStudioVersion = 10.0.40219.1
Project("{FAE04EC0-301F-11D3-BF4B-00C04F79EFBC}") = "QLDSV", "QLDSV.csproj", "{0CB1ADAD-1D21-4914-B2D9-85FC4017E374}"
EndProject
Global
	GlobalSection(SolutionConfigurationPlatforms) = preSolution
		Debug|Any CPU = Debug|Any CPU
		Release|Any CPU = Release|Any CPU
	EndGlobalSection
	GlobalSection(ProjectConfigurationPlatforms) = postSolution
		{0CB1ADAD-1D21-4914-B2D9-85FC4017E374}.Debug|Any CPU.ActiveCfg = Debug|Any CPU
		{0CB1ADAD-1D21-4914-B2D9-85FC4017E374}.Debug|Any CPU.Build.0 = Debug|Any CPU
		{0CB1ADAD-1D21-4914-B2D9-85FC4017E374}.Release|Any CPU.ActiveCfg = Release|Any CPU
		{0CB1ADAD-1D21-4914-B2D9-85FC4017E374}.Release|Any CPU.Build.0 = Release|Any CPU
	EndGlobalSection
	GlobalSection(SolutionProperties) = preSolution
		HideSolutionNode = FALSE
	EndGlobalSection
	GlobalSection(ExtensibilityGlobals) = postSolution
		SolutionGuid = {8BC2152D-AA20-4101-9CA6-19D75F17C959}
	EndGlobalSection
EndGlobal
